
Microsoft Visual Studio Solution File, Format Version 12.00
# Visual Studio 14
VisualStudioVersion = 14.0.23107.0
MinimumVisualStudioVersion = 10.0.40219.1
Project("{FAE04EC0-301F-11D3-BF4B-00C04F79EFBC}") = "WalkSploration", "WalkSploration\WalkSploration.csproj", "{49DFBC93-7F5F-42C1-92FB-D12002BB127E}"
EndProject
Project("{FAE04EC0-301F-11D3-BF4B-00C04F79EFBC}") = "WalkSploration.Tests", "WalkSploration.Tests\WalkSploration.Tests.csproj", "{6578D20F-616D-477A-892B-DC61088C5557}"
EndProject
Global
	GlobalSection(SolutionConfigurationPlatforms) = preSolution
		Debug|Any CPU = Debug|Any CPU
		Release|Any CPU = Release|Any CPU
	EndGlobalSection
	GlobalSection(ProjectConfigurationPlatforms) = postSolution
		{49DFBC93-7F5F-42C1-92FB-D12002BB127E}.Debug|Any CPU.ActiveCfg = Debug|Any CPU
		{49DFBC93-7F5F-42C1-92FB-D12002BB127E}.Debug|Any CPU.Build.0 = Debug|Any CPU
		{49DFBC93-7F5F-42C1-92FB-D12002BB127E}.Release|Any CPU.ActiveCfg = Release|Any CPU
		{49DFBC93-7F5F-42C1-92FB-D12002BB127E}.Release|Any CPU.Build.0 = Release|Any CPU
		{6578D20F-616D-477A-892B-DC61088C5557}.Debug|Any CPU.ActiveCfg = Debug|Any CPU
		{6578D20F-616D-477A-892B-DC61088C5557}.Debug|Any CPU.Build.0 = Debug|Any CPU
		{6578D20F-616D-477A-892B-DC61088C5557}.Release|Any CPU.ActiveCfg = Release|Any CPU
		{6578D20F-616D-477A-892B-DC61088C5557}.Release|Any CPU.Build.0 = Release|Any CPU
	EndGlobalSection
	GlobalSection(SolutionProperties) = preSolution
		HideSolutionNode = FALSE
	EndGlobalSection
EndGlobal
